
Microsoft Visual Studio Solution File, Format Version 12.00
# Visual Studio Version 17
VisualStudioVersion = 17.0.31612.314
MinimumVisualStudioVersion = 10.0.40219.1
Project("{FAE04EC0-301F-11D3-BF4B-00C04F79EFBC}") = "demo", "demo\demo.csproj", "{F7500F0D-114B-4B04-8F49-D6F247E68B57}"
EndProject
Global
	GlobalSection(SolutionConfigurationPlatforms) = preSolution
		Debug|Any CPU = Debug|Any CPU
		Release|Any CPU = Release|Any CPU
	EndGlobalSection
	GlobalSection(ProjectConfigurationPlatforms) = postSolution
		{F7500F0D-114B-4B04-8F49-D6F247E68B57}.Debug|Any CPU.ActiveCfg = Debug|Any CPU
		{F7500F0D-114B-4B04-8F49-D6F247E68B57}.Debug|Any CPU.Build.0 = Debug|Any CPU
		{F7500F0D-114B-4B04-8F49-D6F247E68B57}.Release|Any CPU.ActiveCfg = Release|Any CPU
		{F7500F0D-114B-4B04-8F49-D6F247E68B57}.Release|Any CPU.Build.0 = Release|Any CPU
	EndGlobalSection
	GlobalSection(SolutionProperties) = preSolution
		HideSolutionNode = FALSE
	EndGlobalSection
	GlobalSection(ExtensibilityGlobals) = postSolution
		SolutionGuid = {975A4599-5EB3-4D7F-A791-0853FCC0CCFF}
	EndGlobalSection
EndGlobal
